// !$*UTF8*$!
{
	archiveVersion = 1;
	classes = {
	};
	objectVersion = 50;
	objects = {

/* Begin PBXBuildFile section */
		75DF47C022637E3D00A9125B /* AppDelegate.swift in Sources */ = {isa = PBXBuildFile; fileRef = 75DF47BF22637E3D00A9125B /* AppDelegate.swift */; };
		75DF47C222637E3D00A9125B /* ApodListController.swift in Sources */ = {isa = PBXBuildFile; fileRef = 75DF47C122637E3D00A9125B /* ApodListController.swift */; };
		75DF47C522637E3D00A9125B /* Main.storyboard in Resources */ = {isa = PBXBuildFile; fileRef = 75DF47C322637E3D00A9125B /* Main.storyboard */; };
		75DF47C722637E3E00A9125B /* Assets.xcassets in Resources */ = {isa = PBXBuildFile; fileRef = 75DF47C622637E3E00A9125B /* Assets.xcassets */; };
		75DF47CA22637E3E00A9125B /* LaunchScreen.storyboard in Resources */ = {isa = PBXBuildFile; fileRef = 75DF47C822637E3E00A9125B /* LaunchScreen.storyboard */; };
		75DF47D522637E3F00A9125B /* NASA_ApodTests.swift in Sources */ = {isa = PBXBuildFile; fileRef = 75DF47D422637E3F00A9125B /* NASA_ApodTests.swift */; };
		75DF47E022637E3F00A9125B /* NASA_ApodUITests.swift in Sources */ = {isa = PBXBuildFile; fileRef = 75DF47DF22637E3F00A9125B /* NASA_ApodUITests.swift */; };
		75DF47F222637F4200A9125B /* ApodDetailController.swift in Sources */ = {isa = PBXBuildFile; fileRef = 75DF47F122637F4200A9125B /* ApodDetailController.swift */; };
		75DF47F422637F9600A9125B /* Apod.swift in Sources */ = {isa = PBXBuildFile; fileRef = 75DF47F322637F9600A9125B /* Apod.swift */; };
		75DF47F7226386A700A9125B /* DataAccess.swift in Sources */ = {isa = PBXBuildFile; fileRef = 75DF47F6226386A700A9125B /* DataAccess.swift */; };
		75DF47F92263ABFC00A9125B /* TableViewCells.swift in Sources */ = {isa = PBXBuildFile; fileRef = 75DF47F82263ABFC00A9125B /* TableViewCells.swift */; };
/* End PBXBuildFile section */

/* Begin PBXContainerItemProxy section */
		75DF47D122637E3F00A9125B /* PBXContainerItemProxy */ = {
			isa = PBXContainerItemProxy;
			containerPortal = 75DF47B422637E3D00A9125B /* Project object */;
			proxyType = 1;
			remoteGlobalIDString = 75DF47BB22637E3D00A9125B;
			remoteInfo = NASA_Apod;
		};
		75DF47DC22637E3F00A9125B /* PBXContainerItemProxy */ = {
			isa = PBXContainerItemProxy;
			containerPortal = 75DF47B422637E3D00A9125B /* Project object */;
			proxyType = 1;
			remoteGlobalIDString = 75DF47BB22637E3D00A9125B;
			remoteInfo = NASA_Apod;
		};
/* End PBXContainerItemProxy section */

/* Begin PBXFileReference section */
		75DF47BC22637E3D00A9125B /* NASA_Apod.app */ = {isa = PBXFileReference; explicitFileType = wrapper.application; includeInIndex = 0; path = NASA_Apod.app; sourceTree = BUILT_PRODUCTS_DIR; };
		75DF47BF22637E3D00A9125B /* AppDelegate.swift */ = {isa = PBXFileReference; lastKnownFileType = sourcecode.swift; path = AppDelegate.swift; sourceTree = "<group>"; };
		75DF47C122637E3D00A9125B /* ApodListController.swift */ = {isa = PBXFileReference; lastKnownFileType = sourcecode.swift; path = ApodListController.swift; sourceTree = "<group>"; };
		75DF47C422637E3D00A9125B /* Base */ = {isa = PBXFileReference; lastKnownFileType = file.storyboard; name = Base; path = Base.lproj/Main.storyboard; sourceTree = "<group>"; };
		75DF47C622637E3E00A9125B /* Assets.xcassets */ = {isa = PBXFileReference; lastKnownFileType = folder.assetcatalog; path = Assets.xcassets; sourceTree = "<group>"; };
		75DF47C922637E3E00A9125B /* Base */ = {isa = PBXFileReference; lastKnownFileType = file.storyboard; name = Base; path = Base.lproj/LaunchScreen.storyboard; sourceTree = "<group>"; };
		75DF47CB22637E3E00A9125B /* Info.plist */ = {isa = PBXFileReference; lastKnownFileType = text.plist.xml; path = Info.plist; sourceTree = "<group>"; };
		75DF47D022637E3F00A9125B /* NASA_ApodTests.xctest */ = {isa = PBXFileReference; explicitFileType = wrapper.cfbundle; includeInIndex = 0; path = NASA_ApodTests.xctest; sourceTree = BUILT_PRODUCTS_DIR; };
		75DF47D422637E3F00A9125B /* NASA_ApodTests.swift */ = {isa = PBXFileReference; lastKnownFileType = sourcecode.swift; path = NASA_ApodTests.swift; sourceTree = "<group>"; };
		75DF47D622637E3F00A9125B /* Info.plist */ = {isa = PBXFileReference; lastKnownFileType = text.plist.xml; path = Info.plist; sourceTree = "<group>"; };
		75DF47DB22637E3F00A9125B /* NASA_ApodUITests.xctest */ = {isa = PBXFileReference; explicitFileType = wrapper.cfbundle; includeInIndex = 0; path = NASA_ApodUITests.xctest; sourceTree = BUILT_PRODUCTS_DIR; };
		75DF47DF22637E3F00A9125B /* NASA_ApodUITests.swift */ = {isa = PBXFileReference; lastKnownFileType = sourcecode.swift; path = NASA_ApodUITests.swift; sourceTree = "<group>"; };
		75DF47E122637E3F00A9125B /* Info.plist */ = {isa = PBXFileReference; lastKnownFileType = text.plist.xml; path = Info.plist; sourceTree = "<group>"; };
		75DF47F122637F4200A9125B /* ApodDetailController.swift */ = {isa = PBXFileReference; lastKnownFileType = sourcecode.swift; path = ApodDetailController.swift; sourceTree = "<group>"; };
		75DF47F322637F9600A9125B /* Apod.swift */ = {isa = PBXFileReference; lastKnownFileType = sourcecode.swift; path = Apod.swift; sourceTree = "<group>"; };
		75DF47F6226386A700A9125B /* DataAccess.swift */ = {isa = PBXFileReference; lastKnownFileType = sourcecode.swift; path = DataAccess.swift; sourceTree = "<group>"; };
		75DF47F82263ABFC00A9125B /* TableViewCells.swift */ = {isa = PBXFileReference; lastKnownFileType = sourcecode.swift; path = TableViewCells.swift; sourceTree = "<group>"; };
/* End PBXFileReference section */

/* Begin PBXFrameworksBuildPhase section */
		75DF47B922637E3D00A9125B /* Frameworks */ = {
			isa = PBXFrameworksBuildPhase;
			buildActionMask = 2147483647;
			files = (
			);
			runOnlyForDeploymentPostprocessing = 0;
		};
		75DF47CD22637E3F00A9125B /* Frameworks */ = {
			isa = PBXFrameworksBuildPhase;
			buildActionMask = 2147483647;
			files = (
			);
			runOnlyForDeploymentPostprocessing = 0;
		};
		75DF47D822637E3F00A9125B /* Frameworks */ = {
			isa = PBXFrameworksBuildPhase;
			buildActionMask = 2147483647;
			files = (
			);
			runOnlyForDeploymentPostprocessing = 0;
		};
/* End PBXFrameworksBuildPhase section */

/* Begin PBXGroup section */
		75DF47B322637E3D00A9125B = {
			isa = PBXGroup;
			children = (
				75DF47BE22637E3D00A9125B /* NASA_Apod */,
				75DF47D322637E3F00A9125B /* NASA_ApodTests */,
				75DF47DE22637E3F00A9125B /* NASA_ApodUITests */,
				75DF47BD22637E3D00A9125B /* Products */,
			);
			sourceTree = "<group>";
		};
		75DF47BD22637E3D00A9125B /* Products */ = {
			isa = PBXGroup;
			children = (
				75DF47BC22637E3D00A9125B /* NASA_Apod.app */,
				75DF47D022637E3F00A9125B /* NASA_ApodTests.xctest */,
				75DF47DB22637E3F00A9125B /* NASA_ApodUITests.xctest */,
			);
			name = Products;
			sourceTree = "<group>";
		};
		75DF47BE22637E3D00A9125B /* NASA_Apod */ = {
			isa = PBXGroup;
			children = (
				75DF47F52263867C00A9125B /* DataAccess */,
				75DF47F022637F0600A9125B /* Controller */,
				75DF47EF22637EFE00A9125B /* View */,
				75DF47EE22637EF300A9125B /* Model */,
				75DF47ED22637EC600A9125B /* Support */,
				75DF47C322637E3D00A9125B /* Main.storyboard */,
				75DF47C622637E3E00A9125B /* Assets.xcassets */,
				75DF47C822637E3E00A9125B /* LaunchScreen.storyboard */,
			);
			path = NASA_Apod;
			sourceTree = "<group>";
		};
		75DF47D322637E3F00A9125B /* NASA_ApodTests */ = {
			isa = PBXGroup;
			children = (
				75DF47D422637E3F00A9125B /* NASA_ApodTests.swift */,
				75DF47D622637E3F00A9125B /* Info.plist */,
			);
			path = NASA_ApodTests;
			sourceTree = "<group>";
		};
		75DF47DE22637E3F00A9125B /* NASA_ApodUITests */ = {
			isa = PBXGroup;
			children = (
				75DF47DF22637E3F00A9125B /* NASA_ApodUITests.swift */,
				75DF47E122637E3F00A9125B /* Info.plist */,
			);
			path = NASA_ApodUITests;
			sourceTree = "<group>";
		};
		75DF47ED22637EC600A9125B /* Support */ = {
			isa = PBXGroup;
			children = (
				75DF47BF22637E3D00A9125B /* AppDelegate.swift */,
				75DF47CB22637E3E00A9125B /* Info.plist */,
			);
			path = Support;
			sourceTree = "<group>";
		};
		75DF47EE22637EF300A9125B /* Model */ = {
			isa = PBXGroup;
			children = (
				75DF47F322637F9600A9125B /* Apod.swift */,
			);
			path = Model;
			sourceTree = "<group>";
		};
		75DF47EF22637EFE00A9125B /* View */ = {
			isa = PBXGroup;
			children = (
				75DF47F82263ABFC00A9125B /* TableViewCells.swift */,
			);
			path = View;
			sourceTree = "<group>";
		};
		75DF47F022637F0600A9125B /* Controller */ = {
			isa = PBXGroup;
			children = (
				75DF47C122637E3D00A9125B /* ApodListController.swift */,
				75DF47F122637F4200A9125B /* ApodDetailController.swift */,
			);
			path = Controller;
			sourceTree = "<group>";
		};
		75DF47F52263867C00A9125B /* DataAccess */ = {
			isa = PBXGroup;
			children = (
				75DF47F6226386A700A9125B /* DataAccess.swift */,
			);
			path = DataAccess;
			sourceTree = "<group>";
		};
/* End PBXGroup section */

/* Begin PBXNativeTarget section */
		75DF47BB22637E3D00A9125B /* NASA_Apod */ = {
			isa = PBXNativeTarget;
			buildConfigurationList = 75DF47E422637E3F00A9125B /* Build configuration list for PBXNativeTarget "NASA_Apod" */;
			buildPhases = (
				75DF47B822637E3D00A9125B /* Sources */,
				75DF47B922637E3D00A9125B /* Frameworks */,
				75DF47BA22637E3D00A9125B /* Resources */,
			);
			buildRules = (
			);
			dependencies = (
			);
			name = NASA_Apod;
			productName = NASA_Apod;
			productReference = 75DF47BC22637E3D00A9125B /* NASA_Apod.app */;
			productType = "com.apple.product-type.application";
		};
		75DF47CF22637E3F00A9125B /* NASA_ApodTests */ = {
			isa = PBXNativeTarget;
			buildConfigurationList = 75DF47E722637E3F00A9125B /* Build configuration list for PBXNativeTarget "NASA_ApodTests" */;
			buildPhases = (
				75DF47CC22637E3F00A9125B /* Sources */,
				75DF47CD22637E3F00A9125B /* Frameworks */,
				75DF47CE22637E3F00A9125B /* Resources */,
			);
			buildRules = (
			);
			dependencies = (
				75DF47D222637E3F00A9125B /* PBXTargetDependency */,
			);
			name = NASA_ApodTests;
			productName = NASA_ApodTests;
			productReference = 75DF47D022637E3F00A9125B /* NASA_ApodTests.xctest */;
			productType = "com.apple.product-type.bundle.unit-test";
		};
		75DF47DA22637E3F00A9125B /* NASA_ApodUITests */ = {
			isa = PBXNativeTarget;
			buildConfigurationList = 75DF47EA22637E3F00A9125B /* Build configuration list for PBXNativeTarget "NASA_ApodUITests" */;
			buildPhases = (
				75DF47D722637E3F00A9125B /* Sources */,
				75DF47D822637E3F00A9125B /* Frameworks */,
				75DF47D922637E3F00A9125B /* Resources */,
			);
			buildRules = (
			);
			dependencies = (
				75DF47DD22637E3F00A9125B /* PBXTargetDependency */,
			);
			name = NASA_ApodUITests;
			productName = NASA_ApodUITests;
			productReference = 75DF47DB22637E3F00A9125B /* NASA_ApodUITests.xctest */;
			productType = "com.apple.product-type.bundle.ui-testing";
		};
/* End PBXNativeTarget section */

/* Begin PBXProject section */
		75DF47B422637E3D00A9125B /* Project object */ = {
			isa = PBXProject;
			attributes = {
				LastSwiftUpdateCheck = 1020;
				LastUpgradeCheck = 1020;
				ORGANIZATIONNAME = "Rodrigo Giglio";
				TargetAttributes = {
					75DF47BB22637E3D00A9125B = {
						CreatedOnToolsVersion = 10.2;
					};
					75DF47CF22637E3F00A9125B = {
						CreatedOnToolsVersion = 10.2;
						TestTargetID = 75DF47BB22637E3D00A9125B;
					};
					75DF47DA22637E3F00A9125B = {
						CreatedOnToolsVersion = 10.2;
						TestTargetID = 75DF47BB22637E3D00A9125B;
					};
				};
			};
			buildConfigurationList = 75DF47B722637E3D00A9125B /* Build configuration list for PBXProject "NASA_Apod" */;
			compatibilityVersion = "Xcode 9.3";
			developmentRegion = en;
			hasScannedForEncodings = 0;
			knownRegions = (
				en,
				Base,
			);
			mainGroup = 75DF47B322637E3D00A9125B;
			productRefGroup = 75DF47BD22637E3D00A9125B /* Products */;
			projectDirPath = "";
			projectRoot = "";
			targets = (
				75DF47BB22637E3D00A9125B /* NASA_Apod */,
				75DF47CF22637E3F00A9125B /* NASA_ApodTests */,
				75DF47DA22637E3F00A9125B /* NASA_ApodUITests */,
			);
		};
/* End PBXProject section */

/* Begin PBXResourcesBuildPhase section */
		75DF47BA22637E3D00A9125B /* Resources */ = {
			isa = PBXResourcesBuildPhase;
			buildActionMask = 2147483647;
			files = (
				75DF47CA22637E3E00A9125B /* LaunchScreen.storyboard in Resources */,
				75DF47C722637E3E00A9125B /* Assets.xcassets in Resources */,
				75DF47C522637E3D00A9125B /* Main.storyboard in Resources */,
			);
			runOnlyForDeploymentPostprocessing = 0;
		};
		75DF47CE22637E3F00A9125B /* Resources */ = {
			isa = PBXResourcesBuildPhase;
			buildActionMask = 2147483647;
			files = (
			);
			runOnlyForDeploymentPostprocessing = 0;
		};
		75DF47D922637E3F00A9125B /* Resources */ = {
			isa = PBXResourcesBuildPhase;
			buildActionMask = 2147483647;
			files = (
			);
			runOnlyForDeploymentPostprocessing = 0;
		};
/* End PBXResourcesBuildPhase section */

/* Begin PBXSourcesBuildPhase section */
		75DF47B822637E3D00A9125B /* Sources */ = {
			isa = PBXSourcesBuildPhase;
			buildActionMask = 2147483647;
			files = (
				75DF47C222637E3D00A9125B /* ApodListController.swift in Sources */,
				75DF47F92263ABFC00A9125B /* TableViewCells.swift in Sources */,
				75DF47F422637F9600A9125B /* Apod.swift in Sources */,
				75DF47F222637F4200A9125B /* ApodDetailController.swift in Sources */,
				75DF47C022637E3D00A9125B /* AppDelegate.swift in Sources */,
				75DF47F7226386A700A9125B /* DataAccess.swift in Sources */,
			);
			runOnlyForDeploymentPostprocessing = 0;
		};
		75DF47CC22637E3F00A9125B /* Sources */ = {
			isa = PBXSourcesBuildPhase;
			buildActionMask = 2147483647;
			files = (
				75DF47D522637E3F00A9125B /* NASA_ApodTests.swift in Sources */,
			);
			runOnlyForDeploymentPostprocessing = 0;
		};
		75DF47D722637E3F00A9125B /* Sources */ = {
			isa = PBXSourcesBuildPhase;
			buildActionMask = 2147483647;
			files = (
				75DF47E022637E3F00A9125B /* NASA_ApodUITests.swift in Sources */,
			);
			runOnlyForDeploymentPostprocessing = 0;
		};
/* End PBXSourcesBuildPhase section */

/* Begin PBXTargetDependency section */
		75DF47D222637E3F00A9125B /* PBXTargetDependency */ = {
			isa = PBXTargetDependency;
			target = 75DF47BB22637E3D00A9125B /* NASA_Apod */;
			targetProxy = 75DF47D122637E3F00A9125B /* PBXContainerItemProxy */;
		};
		75DF47DD22637E3F00A9125B /* PBXTargetDependency */ = {
			isa = PBXTargetDependency;
			target = 75DF47BB22637E3D00A9125B /* NASA_Apod */;
			targetProxy = 75DF47DC22637E3F00A9125B /* PBXContainerItemProxy */;
		};
/* End PBXTargetDependency section */

/* Begin PBXVariantGroup section */
		75DF47C322637E3D00A9125B /* Main.storyboard */ = {
			isa = PBXVariantGroup;
			children = (
				75DF47C422637E3D00A9125B /* Base */,
			);
			name = Main.storyboard;
			sourceTree = "<group>";
		};
		75DF47C822637E3E00A9125B /* LaunchScreen.storyboard */ = {
			isa = PBXVariantGroup;
			children = (
				75DF47C922637E3E00A9125B /* Base */,
			);
			name = LaunchScreen.storyboard;
			sourceTree = "<group>";
		};
/* End PBXVariantGroup section */

/* Begin XCBuildConfiguration section */
		75DF47E222637E3F00A9125B /* Debug */ = {
			isa = XCBuildConfiguration;
			buildSettings = {
				ALWAYS_SEARCH_USER_PATHS = NO;
				CLANG_ANALYZER_NONNULL = YES;
				CLANG_ANALYZER_NUMBER_OBJECT_CONVERSION = YES_AGGRESSIVE;
				CLANG_CXX_LANGUAGE_STANDARD = "gnu++14";
				CLANG_CXX_LIBRARY = "libc++";
				CLANG_ENABLE_MODULES = YES;
				CLANG_ENABLE_OBJC_ARC = YES;
				CLANG_ENABLE_OBJC_WEAK = YES;
				CLANG_WARN_BLOCK_CAPTURE_AUTORELEASING = YES;
				CLANG_WARN_BOOL_CONVERSION = YES;
				CLANG_WARN_COMMA = YES;
				CLANG_WARN_CONSTANT_CONVERSION = YES;
				CLANG_WARN_DEPRECATED_OBJC_IMPLEMENTATIONS = YES;
				CLANG_WARN_DIRECT_OBJC_ISA_USAGE = YES_ERROR;
				CLANG_WARN_DOCUMENTATION_COMMENTS = YES;
				CLANG_WARN_EMPTY_BODY = YES;
				CLANG_WARN_ENUM_CONVERSION = YES;
				CLANG_WARN_INFINITE_RECURSION = YES;
				CLANG_WARN_INT_CONVERSION = YES;
				CLANG_WARN_NON_LITERAL_NULL_CONVERSION = YES;
				CLANG_WARN_OBJC_IMPLICIT_RETAIN_SELF = YES;
				CLANG_WARN_OBJC_LITERAL_CONVERSION = YES;
				CLANG_WARN_OBJC_ROOT_CLASS = YES_ERROR;
				CLANG_WARN_RANGE_LOOP_ANALYSIS = YES;
				CLANG_WARN_STRICT_PROTOTYPES = YES;
				CLANG_WARN_SUSPICIOUS_MOVE = YES;
				CLANG_WARN_UNGUARDED_AVAILABILITY = YES_AGGRESSIVE;
				CLANG_WARN_UNREACHABLE_CODE = YES;
				CLANG_WARN__DUPLICATE_METHOD_MATCH = YES;
				CODE_SIGN_IDENTITY = "iPhone Developer";
				COPY_PHASE_STRIP = NO;
				DEBUG_INFORMATION_FORMAT = dwarf;
				ENABLE_STRICT_OBJC_MSGSEND = YES;
				ENABLE_TESTABILITY = YES;
				GCC_C_LANGUAGE_STANDARD = gnu11;
				GCC_DYNAMIC_NO_PIC = NO;
				GCC_NO_COMMON_BLOCKS = YES;
				GCC_OPTIMIZATION_LEVEL = 0;
				GCC_PREPROCESSOR_DEFINITIONS = (
					"DEBUG=1",
					"$(inherited)",
				);
				GCC_WARN_64_TO_32_BIT_CONVERSION = YES;
				GCC_WARN_ABOUT_RETURN_TYPE = YES_ERROR;
				GCC_WARN_UNDECLARED_SELECTOR = YES;
				GCC_WARN_UNINITIALIZED_AUTOS = YES_AGGRESSIVE;
				GCC_WARN_UNUSED_FUNCTION = YES;
				GCC_WARN_UNUSED_VARIABLE = YES;
				IPHONEOS_DEPLOYMENT_TARGET = 12.2;
				MTL_ENABLE_DEBUG_INFO = INCLUDE_SOURCE;
				MTL_FAST_MATH = YES;
				ONLY_ACTIVE_ARCH = YES;
				SDKROOT = iphoneos;
				SWIFT_ACTIVE_COMPILATION_CONDITIONS = DEBUG;
				SWIFT_OPTIMIZATION_LEVEL = "-Onone";
			};
			name = Debug;
		};
		75DF47E322637E3F00A9125B /* Release */ = {
			isa = XCBuildConfiguration;
			buildSettings = {
				ALWAYS_SEARCH_USER_PATHS = NO;
				CLANG_ANALYZER_NONNULL = YES;
				CLANG_ANALYZER_NUMBER_OBJECT_CONVERSION = YES_AGGRESSIVE;
				CLANG_CXX_LANGUAGE_STANDARD = "gnu++14";
				CLANG_CXX_LIBRARY = "libc++";
				CLANG_ENABLE_MODULES = YES;
				CLANG_ENABLE_OBJC_ARC = YES;
				CLANG_ENABLE_OBJC_WEAK = YES;
				CLANG_WARN_BLOCK_CAPTURE_AUTORELEASING = YES;
				CLANG_WARN_BOOL_CONVERSION = YES;
				CLANG_WARN_COMMA = YES;
				CLANG_WARN_CONSTANT_CONVERSION = YES;
				CLANG_WARN_DEPRECATED_OBJC_IMPLEMENTATIONS = YES;
				CLANG_WARN_DIRECT_OBJC_ISA_USAGE = YES_ERROR;
				CLANG_WARN_DOCUMENTATION_COMMENTS = YES;
				CLANG_WARN_EMPTY_BODY = YES;
				CLANG_WARN_ENUM_CONVERSION = YES;
				CLANG_WARN_INFINITE_RECURSION = YES;
				CLANG_WARN_INT_CONVERSION = YES;
				CLANG_WARN_NON_LITERAL_NULL_CONVERSION = YES;
				CLANG_WARN_OBJC_IMPLICIT_RETAIN_SELF = YES;
				CLANG_WARN_OBJC_LITERAL_CONVERSION = YES;
				CLANG_WARN_OBJC_ROOT_CLASS = YES_ERROR;
				CLANG_WARN_RANGE_LOOP_ANALYSIS = YES;
				CLANG_WARN_STRICT_PROTOTYPES = YES;
				CLANG_WARN_SUSPICIOUS_MOVE = YES;
				CLANG_WARN_UNGUARDED_AVAILABILITY = YES_AGGRESSIVE;
				CLANG_WARN_UNREACHABLE_CODE = YES;
				CLANG_WARN__DUPLICATE_METHOD_MATCH = YES;
				CODE_SIGN_IDENTITY = "iPhone Developer";
				COPY_PHASE_STRIP = NO;
				DEBUG_INFORMATION_FORMAT = "dwarf-with-dsym";
				ENABLE_NS_ASSERTIONS = NO;
				ENABLE_STRICT_OBJC_MSGSEND = YES;
				GCC_C_LANGUAGE_STANDARD = gnu11;
				GCC_NO_COMMON_BLOCKS = YES;
				GCC_WARN_64_TO_32_BIT_CONVERSION = YES;
				GCC_WARN_ABOUT_RETURN_TYPE = YES_ERROR;
				GCC_WARN_UNDECLARED_SELECTOR = YES;
				GCC_WARN_UNINITIALIZED_AUTOS = YES_AGGRESSIVE;
				GCC_WARN_UNUSED_FUNCTION = YES;
				GCC_WARN_UNUSED_VARIABLE = YES;
				IPHONEOS_DEPLOYMENT_TARGET = 12.2;
				MTL_ENABLE_DEBUG_INFO = NO;
				MTL_FAST_MATH = YES;
				SDKROOT = iphoneos;
				SWIFT_COMPILATION_MODE = wholemodule;
				SWIFT_OPTIMIZATION_LEVEL = "-O";
				VALIDATE_PRODUCT = YES;
			};
			name = Release;
		};
		75DF47E522637E3F00A9125B /* Debug */ = {
			isa = XCBuildConfiguration;
			buildSettings = {
				ASSETCATALOG_COMPILER_APPICON_NAME = AppIcon;
				CODE_SIGN_STYLE = Automatic;
				DEVELOPMENT_TEAM = 932KMPL8YS;
				INFOPLIST_FILE = "$(SRCROOT)/NASA_Apod/Support/Info.plist";
				LD_RUNPATH_SEARCH_PATHS = (
					"$(inherited)",
					"@executable_path/Frameworks",
				);
				PRODUCT_BUNDLE_IDENTIFIER = "Rovane.NASA-Apod";
				PRODUCT_NAME = "$(TARGET_NAME)";
				SWIFT_VERSION = 4.0;
				TARGETED_DEVICE_FAMILY = "1,2";
			};
			name = Debug;
		};
		75DF47E622637E3F00A9125B /* Release */ = {
			isa = XCBuildConfiguration;
			buildSettings = {
				ASSETCATALOG_COMPILER_APPICON_NAME = AppIcon;
				CODE_SIGN_STYLE = Automatic;
				DEVELOPMENT_TEAM = 932KMPL8YS;
				INFOPLIST_FILE = "$(SRCROOT)/NASA_Apod/Support/Info.plist";
				LD_RUNPATH_SEARCH_PATHS = (
					"$(inherited)",
					"@executable_path/Frameworks",
				);
				PRODUCT_BUNDLE_IDENTIFIER = "Rovane.NASA-Apod";
				PRODUCT_NAME = "$(TARGET_NAME)";
				SWIFT_VERSION = 4.0;
				TARGETED_DEVICE_FAMILY = "1,2";
			};
			name = Release;
		};
		75DF47E822637E3F00A9125B /* Debug */ = {
			isa = XCBuildConfiguration;
			buildSettings = {
				ALWAYS_EMBED_SWIFT_STANDARD_LIBRARIES = YES;
				BUNDLE_LOADER = "$(TEST_HOST)";
				CODE_SIGN_STYLE = Automatic;
				DEVELOPMENT_TEAM = 66X93R6BN6;
				INFOPLIST_FILE = NASA_ApodTests/Info.plist;
				LD_RUNPATH_SEARCH_PATHS = (
					"$(inherited)",
					"@executable_path/Frameworks",
					"@loader_path/Frameworks",
				);
				PRODUCT_BUNDLE_IDENTIFIER = "com.rodrigowoulddo.NASA-ApodTests";
				PRODUCT_NAME = "$(TARGET_NAME)";
				SWIFT_VERSION = 5.0;
				TARGETED_DEVICE_FAMILY = "1,2";
				TEST_HOST = "$(BUILT_PRODUCTS_DIR)/NASA_Apod.app/NASA_Apod";
			};
			name = Debug;
		};
		75DF47E922637E3F00A9125B /* Release */ = {
			isa = XCBuildConfiguration;
			buildSettings = {
				ALWAYS_EMBED_SWIFT_STANDARD_LIBRARIES = YES;
				BUNDLE_LOADER = "$(TEST_HOST)";
				CODE_SIGN_STYLE = Automatic;
				DEVELOPMENT_TEAM = 66X93R6BN6;
				INFOPLIST_FILE = NASA_ApodTests/Info.plist;
				LD_RUNPATH_SEARCH_PATHS = (
					"$(inherited)",
					"@executable_path/Frameworks",
					"@loader_path/Frameworks",
				);
				PRODUCT_BUNDLE_IDENTIFIER = "com.rodrigowoulddo.NASA-ApodTests";
				PRODUCT_NAME = "$(TARGET_NAME)";
				SWIFT_VERSION = 5.0;
				TARGETED_DEVICE_FAMILY = "1,2";
				TEST_HOST = "$(BUILT_PRODUCTS_DIR)/NASA_Apod.app/NASA_Apod";
			};
			name = Release;
		};
		75DF47EB22637E3F00A9125B /* Debug */ = {
			isa = XCBuildConfiguration;
			buildSettings = {
				ALWAYS_EMBED_SWIFT_STANDARD_LIBRARIES = YES;
				CODE_SIGN_STYLE = Automatic;
				DEVELOPMENT_TEAM = 66X93R6BN6;
				INFOPLIST_FILE = NASA_ApodUITests/Info.plist;
				LD_RUNPATH_SEARCH_PATHS = (
					"$(inherited)",
					"@executable_path/Frameworks",
					"@loader_path/Frameworks",
				);
				PRODUCT_BUNDLE_IDENTIFIER = "com.rodrigowoulddo.NASA-ApodUITests";
				PRODUCT_NAME = "$(TARGET_NAME)";
				SWIFT_VERSION = 5.0;
				TARGETED_DEVICE_FAMILY = "1,2";
				TEST_TARGET_NAME = NASA_Apod;
			};
			name = Debug;
		};
		75DF47EC22637E3F00A9125B /* Release */ = {
			isa = XCBuildConfiguration;
			buildSettings = {
				ALWAYS_EMBED_SWIFT_STANDARD_LIBRARIES = YES;
				CODE_SIGN_STYLE = Automatic;
				DEVELOPMENT_TEAM = 66X93R6BN6;
				INFOPLIST_FILE = NASA_ApodUITests/Info.plist;
				LD_RUNPATH_SEARCH_PATHS = (
					"$(inherited)",
					"@executable_path/Frameworks",
					"@loader_path/Frameworks",
				);
				PRODUCT_BUNDLE_IDENTIFIER = "com.rodrigowoulddo.NASA-ApodUITests";
				PRODUCT_NAME = "$(TARGET_NAME)";
				SWIFT_VERSION = 5.0;
				TARGETED_DEVICE_FAMILY = "1,2";
				TEST_TARGET_NAME = NASA_Apod;
			};
			name = Release;
		};
/* End XCBuildConfiguration section */

/* Begin XCConfigurationList section */
		75DF47B722637E3D00A9125B /* Build configuration list for PBXProject "NASA_Apod" */ = {
			isa = XCConfigurationList;
			buildConfigurations = (
				75DF47E222637E3F00A9125B /* Debug */,
				75DF47E322637E3F00A9125B /* Release */,
			);
			defaultConfigurationIsVisible = 0;
			defaultConfigurationName = Release;
		};
		75DF47E422637E3F00A9125B /* Build configuration list for PBXNativeTarget "NASA_Apod" */ = {
			isa = XCConfigurationList;
			buildConfigurations = (
				75DF47E522637E3F00A9125B /* Debug */,
				75DF47E622637E3F00A9125B /* Release */,
			);
			defaultConfigurationIsVisible = 0;
			defaultConfigurationName = Release;
		};
		75DF47E722637E3F00A9125B /* Build configuration list for PBXNativeTarget "NASA_ApodTests" */ = {
			isa = XCConfigurationList;
			buildConfigurations = (
				75DF47E822637E3F00A9125B /* Debug */,
				75DF47E922637E3F00A9125B /* Release */,
			);
			defaultConfigurationIsVisible = 0;
			defaultConfigurationName = Release;
		};
		75DF47EA22637E3F00A9125B /* Build configuration list for PBXNativeTarget "NASA_ApodUITests" */ = {
			isa = XCConfigurationList;
			buildConfigurations = (
				75DF47EB22637E3F00A9125B /* Debug */,
				75DF47EC22637E3F00A9125B /* Release */,
			);
			defaultConfigurationIsVisible = 0;
			defaultConfigurationName = Release;
		};
/* End XCConfigurationList section */
	};
	rootObject = 75DF47B422637E3D00A9125B /* Project object */;
}
